
Microsoft Visual Studio Solution File, Format Version 11.00
# Visual Studio 2010
Project("{FAE04EC0-301F-11D3-BF4B-00C04F79EFBC}") = "Wilderness", "Wilderness\Wilderness.csproj", "{850129A5-AF4D-48D3-A9C1-0E848FCD8F5F}"
EndProject
Project("{2150E333-8FDC-42A3-9474-1A3956D46DE8}") = "Solution Items", "Solution Items", "{BA45A834-7D2B-4F76-9C84-05DAD2DD0BEC}"
	ProjectSection(SolutionItems) = preProject
		Readme.txt = Readme.txt
	EndProjectSection
EndProject
Global
	GlobalSection(SolutionConfigurationPlatforms) = preSolution
		Debug|x86 = Debug|x86
		Release|x86 = Release|x86
	EndGlobalSection
	GlobalSection(ProjectConfigurationPlatforms) = postSolution
		{850129A5-AF4D-48D3-A9C1-0E848FCD8F5F}.Debug|x86.ActiveCfg = Debug|x86
		{850129A5-AF4D-48D3-A9C1-0E848FCD8F5F}.Debug|x86.Build.0 = Debug|x86
		{850129A5-AF4D-48D3-A9C1-0E848FCD8F5F}.Release|x86.ActiveCfg = Release|x86
		{850129A5-AF4D-48D3-A9C1-0E848FCD8F5F}.Release|x86.Build.0 = Release|x86
	EndGlobalSection
	GlobalSection(SolutionProperties) = preSolution
		HideSolutionNode = FALSE
	EndGlobalSection
EndGlobal
